// !$*UTF8*$!
{
	archiveVersion = 1;
	classes = {
	};
	objectVersion = 55;
	objects = {

/* Begin PBXBuildFile section */
		1FD9DEFCA5D2EB96EC673720 /* Pods_ToDoApp.framework in Frameworks */ = {isa = PBXBuildFile; fileRef = 16AFAA339F2168E88A7743B1 /* Pods_ToDoApp.framework */; };
		2C8C2C6F29407A3600782986 /* UIImageView+DownloadImage.swift in Sources */ = {isa = PBXBuildFile; fileRef = 2C8C2C6E29407A3600782986 /* UIImageView+DownloadImage.swift */; };
		2CCB45672941546300FCFF98 /* String+AddText.swift in Sources */ = {isa = PBXBuildFile; fileRef = 2CCB45662941546300FCFF98 /* String+AddText.swift */; };
		2CCB45692941707400FCFF98 /* ChecklistViewController.swift in Sources */ = {isa = PBXBuildFile; fileRef = 2CCB45682941707400FCFF98 /* ChecklistViewController.swift */; };
		2CCB456F2941890A00FCFF98 /* Functions.swift in Sources */ = {isa = PBXBuildFile; fileRef = 2CCB456E2941890A00FCFF98 /* Functions.swift */; };
		2CCB45792941DA5700FCFF98 /* ChecklistItemCell.swift in Sources */ = {isa = PBXBuildFile; fileRef = 2CCB45782941DA5700FCFF98 /* ChecklistItemCell.swift */; };
		2CCB457D2942CABE00FCFF98 /* AddItemViewController.swift in Sources */ = {isa = PBXBuildFile; fileRef = 2CCB457C2942CABE00FCFF98 /* AddItemViewController.swift */; };
		2CCB457F29430C2A00FCFF98 /* HudView.swift in Sources */ = {isa = PBXBuildFile; fileRef = 2CCB457E29430C2A00FCFF98 /* HudView.swift */; };
		2CCB4581294345EF00FCFF98 /* AllListsViewController.swift in Sources */ = {isa = PBXBuildFile; fileRef = 2CCB4580294345EF00FCFF98 /* AllListsViewController.swift */; };
		2CCB459B294360F100FCFF98 /* AllListsCell.swift in Sources */ = {isa = PBXBuildFile; fileRef = 2CCB459A294360F100FCFF98 /* AllListsCell.swift */; };
		2CCB45A02943637100FCFF98 /* Checklist+CoreDataClass.swift in Sources */ = {isa = PBXBuildFile; fileRef = 2CCB459C2943637100FCFF98 /* Checklist+CoreDataClass.swift */; };
		2CCB45A12943637100FCFF98 /* Checklist+CoreDataProperties.swift in Sources */ = {isa = PBXBuildFile; fileRef = 2CCB459D2943637100FCFF98 /* Checklist+CoreDataProperties.swift */; };
		2CCB45A22943637100FCFF98 /* ChecklistItem+CoreDataClass.swift in Sources */ = {isa = PBXBuildFile; fileRef = 2CCB459E2943637100FCFF98 /* ChecklistItem+CoreDataClass.swift */; };
		2CCB45A32943637100FCFF98 /* ChecklistItem+CoreDataProperties.swift in Sources */ = {isa = PBXBuildFile; fileRef = 2CCB459F2943637100FCFF98 /* ChecklistItem+CoreDataProperties.swift */; };
		2CCB45A52943676600FCFF98 /* ListDetailViewController.swift in Sources */ = {isa = PBXBuildFile; fileRef = 2CCB45A42943676600FCFF98 /* ListDetailViewController.swift */; };
		2CCB45A72943A0FE00FCFF98 /* IconPickerViewController.swift in Sources */ = {isa = PBXBuildFile; fileRef = 2CCB45A62943A0FE00FCFF98 /* IconPickerViewController.swift */; };
		2CEAA87E291C543400DE88BA /* AppDelegate.swift in Sources */ = {isa = PBXBuildFile; fileRef = 2CEAA87D291C543400DE88BA /* AppDelegate.swift */; };
		2CEAA880291C543400DE88BA /* SceneDelegate.swift in Sources */ = {isa = PBXBuildFile; fileRef = 2CEAA87F291C543400DE88BA /* SceneDelegate.swift */; };
		2CEAA882291C543400DE88BA /* HomeViewController.swift in Sources */ = {isa = PBXBuildFile; fileRef = 2CEAA881291C543400DE88BA /* HomeViewController.swift */; };
		2CEAA885291C543400DE88BA /* Main.storyboard in Resources */ = {isa = PBXBuildFile; fileRef = 2CEAA883291C543400DE88BA /* Main.storyboard */; };
		2CEAA888291C543400DE88BA /* ToDoApp.xcdatamodeld in Sources */ = {isa = PBXBuildFile; fileRef = 2CEAA886291C543400DE88BA /* ToDoApp.xcdatamodeld */; };
		2CEAA88A291C543600DE88BA /* Assets.xcassets in Resources */ = {isa = PBXBuildFile; fileRef = 2CEAA889291C543600DE88BA /* Assets.xcassets */; };
		2CEAA88D291C543600DE88BA /* LaunchScreen.storyboard in Resources */ = {isa = PBXBuildFile; fileRef = 2CEAA88B291C543600DE88BA /* LaunchScreen.storyboard */; };
/* End PBXBuildFile section */

/* Begin PBXFileReference section */
		0CC829DA5882E9B2ACDF11D5 /* Pods-ToDoApp.release.xcconfig */ = {isa = PBXFileReference; includeInIndex = 1; lastKnownFileType = text.xcconfig; name = "Pods-ToDoApp.release.xcconfig"; path = "Target Support Files/Pods-ToDoApp/Pods-ToDoApp.release.xcconfig"; sourceTree = "<group>"; };
		16AFAA339F2168E88A7743B1 /* Pods_ToDoApp.framework */ = {isa = PBXFileReference; explicitFileType = wrapper.framework; includeInIndex = 0; path = Pods_ToDoApp.framework; sourceTree = BUILT_PRODUCTS_DIR; };
		2C8C2C6E29407A3600782986 /* UIImageView+DownloadImage.swift */ = {isa = PBXFileReference; lastKnownFileType = sourcecode.swift; path = "UIImageView+DownloadImage.swift"; sourceTree = "<group>"; };
		2CCB45662941546300FCFF98 /* String+AddText.swift */ = {isa = PBXFileReference; lastKnownFileType = sourcecode.swift; path = "String+AddText.swift"; sourceTree = "<group>"; };
		2CCB45682941707400FCFF98 /* ChecklistViewController.swift */ = {isa = PBXFileReference; lastKnownFileType = sourcecode.swift; path = ChecklistViewController.swift; sourceTree = "<group>"; };
		2CCB456E2941890A00FCFF98 /* Functions.swift */ = {isa = PBXFileReference; lastKnownFileType = sourcecode.swift; path = Functions.swift; sourceTree = "<group>"; };
		2CCB45782941DA5700FCFF98 /* ChecklistItemCell.swift */ = {isa = PBXFileReference; lastKnownFileType = sourcecode.swift; path = ChecklistItemCell.swift; sourceTree = "<group>"; };
		2CCB457C2942CABE00FCFF98 /* AddItemViewController.swift */ = {isa = PBXFileReference; lastKnownFileType = sourcecode.swift; path = AddItemViewController.swift; sourceTree = "<group>"; };
		2CCB457E29430C2A00FCFF98 /* HudView.swift */ = {isa = PBXFileReference; lastKnownFileType = sourcecode.swift; path = HudView.swift; sourceTree = "<group>"; };
		2CCB4580294345EF00FCFF98 /* AllListsViewController.swift */ = {isa = PBXFileReference; lastKnownFileType = sourcecode.swift; path = AllListsViewController.swift; sourceTree = "<group>"; };
		2CCB459A294360F100FCFF98 /* AllListsCell.swift */ = {isa = PBXFileReference; lastKnownFileType = sourcecode.swift; path = AllListsCell.swift; sourceTree = "<group>"; };
		2CCB459C2943637100FCFF98 /* Checklist+CoreDataClass.swift */ = {isa = PBXFileReference; lastKnownFileType = sourcecode.swift; path = "Checklist+CoreDataClass.swift"; sourceTree = "<group>"; };
		2CCB459D2943637100FCFF98 /* Checklist+CoreDataProperties.swift */ = {isa = PBXFileReference; lastKnownFileType = sourcecode.swift; path = "Checklist+CoreDataProperties.swift"; sourceTree = "<group>"; };
		2CCB459E2943637100FCFF98 /* ChecklistItem+CoreDataClass.swift */ = {isa = PBXFileReference; lastKnownFileType = sourcecode.swift; path = "ChecklistItem+CoreDataClass.swift"; sourceTree = "<group>"; };
		2CCB459F2943637100FCFF98 /* ChecklistItem+CoreDataProperties.swift */ = {isa = PBXFileReference; lastKnownFileType = sourcecode.swift; path = "ChecklistItem+CoreDataProperties.swift"; sourceTree = "<group>"; };
		2CCB45A42943676600FCFF98 /* ListDetailViewController.swift */ = {isa = PBXFileReference; lastKnownFileType = sourcecode.swift; path = ListDetailViewController.swift; sourceTree = "<group>"; };
		2CCB45A62943A0FE00FCFF98 /* IconPickerViewController.swift */ = {isa = PBXFileReference; lastKnownFileType = sourcecode.swift; path = IconPickerViewController.swift; sourceTree = "<group>"; };
		2CEAA87A291C543400DE88BA /* ToDoApp.app */ = {isa = PBXFileReference; explicitFileType = wrapper.application; includeInIndex = 0; path = ToDoApp.app; sourceTree = BUILT_PRODUCTS_DIR; };
		2CEAA87D291C543400DE88BA /* AppDelegate.swift */ = {isa = PBXFileReference; lastKnownFileType = sourcecode.swift; path = AppDelegate.swift; sourceTree = "<group>"; };
		2CEAA87F291C543400DE88BA /* SceneDelegate.swift */ = {isa = PBXFileReference; lastKnownFileType = sourcecode.swift; path = SceneDelegate.swift; sourceTree = "<group>"; };
		2CEAA881291C543400DE88BA /* HomeViewController.swift */ = {isa = PBXFileReference; lastKnownFileType = sourcecode.swift; path = HomeViewController.swift; sourceTree = "<group>"; };
		2CEAA884291C543400DE88BA /* Base */ = {isa = PBXFileReference; lastKnownFileType = file.storyboard; name = Base; path = Base.lproj/Main.storyboard; sourceTree = "<group>"; };
		2CEAA887291C543400DE88BA /* ToDoApp.xcdatamodel */ = {isa = PBXFileReference; lastKnownFileType = wrapper.xcdatamodel; path = ToDoApp.xcdatamodel; sourceTree = "<group>"; };
		2CEAA889291C543600DE88BA /* Assets.xcassets */ = {isa = PBXFileReference; lastKnownFileType = folder.assetcatalog; path = Assets.xcassets; sourceTree = "<group>"; };
		2CEAA88C291C543600DE88BA /* Base */ = {isa = PBXFileReference; lastKnownFileType = file.storyboard; name = Base; path = Base.lproj/LaunchScreen.storyboard; sourceTree = "<group>"; };
		2CEAA88E291C543600DE88BA /* Info.plist */ = {isa = PBXFileReference; lastKnownFileType = text.plist.xml; path = Info.plist; sourceTree = "<group>"; };
		B1762E4D8DD6A616C3414D61 /* Pods-ToDoApp.debug.xcconfig */ = {isa = PBXFileReference; includeInIndex = 1; lastKnownFileType = text.xcconfig; name = "Pods-ToDoApp.debug.xcconfig"; path = "Target Support Files/Pods-ToDoApp/Pods-ToDoApp.debug.xcconfig"; sourceTree = "<group>"; };
/* End PBXFileReference section */

/* Begin PBXFrameworksBuildPhase section */
		2CEAA877291C543400DE88BA /* Frameworks */ = {
			isa = PBXFrameworksBuildPhase;
			buildActionMask = 2147483647;
			files = (
				1FD9DEFCA5D2EB96EC673720 /* Pods_ToDoApp.framework in Frameworks */,
			);
			runOnlyForDeploymentPostprocessing = 0;
		};
/* End PBXFrameworksBuildPhase section */

/* Begin PBXGroup section */
		1DDDF0461E568958C4170177 /* Pods */ = {
			isa = PBXGroup;
			children = (
				B1762E4D8DD6A616C3414D61 /* Pods-ToDoApp.debug.xcconfig */,
				0CC829DA5882E9B2ACDF11D5 /* Pods-ToDoApp.release.xcconfig */,
			);
			path = Pods;
			sourceTree = "<group>";
		};
		2CEAA871291C543400DE88BA = {
			isa = PBXGroup;
			children = (
				2CEAA87C291C543400DE88BA /* ToDoApp */,
				2CEAA87B291C543400DE88BA /* Products */,
				1DDDF0461E568958C4170177 /* Pods */,
				31C18C87C7CD8399006CC843 /* Frameworks */,
			);
			sourceTree = "<group>";
		};
		2CEAA87B291C543400DE88BA /* Products */ = {
			isa = PBXGroup;
			children = (
				2CEAA87A291C543400DE88BA /* ToDoApp.app */,
			);
			name = Products;
			sourceTree = "<group>";
		};
		2CEAA87C291C543400DE88BA /* ToDoApp */ = {
			isa = PBXGroup;
			children = (
				2CEAA87D291C543400DE88BA /* AppDelegate.swift */,
				2CEAA87F291C543400DE88BA /* SceneDelegate.swift */,
				2CEAA881291C543400DE88BA /* HomeViewController.swift */,
				2CCB45682941707400FCFF98 /* ChecklistViewController.swift */,
				2CCB45782941DA5700FCFF98 /* ChecklistItemCell.swift */,
				2CCB457C2942CABE00FCFF98 /* AddItemViewController.swift */,
				2CCB4580294345EF00FCFF98 /* AllListsViewController.swift */,
				2CCB459A294360F100FCFF98 /* AllListsCell.swift */,
				2CCB45A42943676600FCFF98 /* ListDetailViewController.swift */,
				2CCB45A62943A0FE00FCFF98 /* IconPickerViewController.swift */,
				2CEAA883291C543400DE88BA /* Main.storyboard */,
				2CEAA889291C543600DE88BA /* Assets.xcassets */,
				2CEAA88B291C543600DE88BA /* LaunchScreen.storyboard */,
				2CEAA88E291C543600DE88BA /* Info.plist */,
				2CEAA886291C543400DE88BA /* ToDoApp.xcdatamodeld */,
				2CCB459C2943637100FCFF98 /* Checklist+CoreDataClass.swift */,
				2CCB459D2943637100FCFF98 /* Checklist+CoreDataProperties.swift */,
				2CCB459E2943637100FCFF98 /* ChecklistItem+CoreDataClass.swift */,
				2CCB459F2943637100FCFF98 /* ChecklistItem+CoreDataProperties.swift */,
				2C8C2C6E29407A3600782986 /* UIImageView+DownloadImage.swift */,
				2CCB456E2941890A00FCFF98 /* Functions.swift */,
				2CCB45662941546300FCFF98 /* String+AddText.swift */,
				2CCB457E29430C2A00FCFF98 /* HudView.swift */,
			);
			path = ToDoApp;
			sourceTree = "<group>";
		};
		31C18C87C7CD8399006CC843 /* Frameworks */ = {
			isa = PBXGroup;
			children = (
				16AFAA339F2168E88A7743B1 /* Pods_ToDoApp.framework */,
			);
			name = Frameworks;
			sourceTree = "<group>";
		};
/* End PBXGroup section */

/* Begin PBXNativeTarget section */
		2CEAA879291C543400DE88BA /* ToDoApp */ = {
			isa = PBXNativeTarget;
			buildConfigurationList = 2CEAA891291C543600DE88BA /* Build configuration list for PBXNativeTarget "ToDoApp" */;
			buildPhases = (
				C46EB1BFF298493425993AC6 /* [CP] Check Pods Manifest.lock */,
				2CEAA876291C543400DE88BA /* Sources */,
				2CEAA877291C543400DE88BA /* Frameworks */,
				2CEAA878291C543400DE88BA /* Resources */,
				3CFAD94AFD1B053F598624F6 /* [CP] Embed Pods Frameworks */,
			);
			buildRules = (
			);
			dependencies = (
			);
			name = ToDoApp;
			productName = ToDoApp;
			productReference = 2CEAA87A291C543400DE88BA /* ToDoApp.app */;
			productType = "com.apple.product-type.application";
		};
/* End PBXNativeTarget section */

/* Begin PBXProject section */
		2CEAA872291C543400DE88BA /* Project object */ = {
			isa = PBXProject;
			attributes = {
				BuildIndependentTargetsInParallel = 1;
				LastSwiftUpdateCheck = 1320;
				LastUpgradeCheck = 1320;
				TargetAttributes = {
					2CEAA879291C543400DE88BA = {
						CreatedOnToolsVersion = 13.2.1;
					};
				};
			};
			buildConfigurationList = 2CEAA875291C543400DE88BA /* Build configuration list for PBXProject "ToDoApp" */;
			compatibilityVersion = "Xcode 13.0";
			developmentRegion = en;
			hasScannedForEncodings = 0;
			knownRegions = (
				en,
				Base,
			);
			mainGroup = 2CEAA871291C543400DE88BA;
			productRefGroup = 2CEAA87B291C543400DE88BA /* Products */;
			projectDirPath = "";
			projectRoot = "";
			targets = (
				2CEAA879291C543400DE88BA /* ToDoApp */,
			);
		};
/* End PBXProject section */

/* Begin PBXResourcesBuildPhase section */
		2CEAA878291C543400DE88BA /* Resources */ = {
			isa = PBXResourcesBuildPhase;
			buildActionMask = 2147483647;
			files = (
				2CEAA88D291C543600DE88BA /* LaunchScreen.storyboard in Resources */,
				2CEAA88A291C543600DE88BA /* Assets.xcassets in Resources */,
				2CEAA885291C543400DE88BA /* Main.storyboard in Resources */,
			);
			runOnlyForDeploymentPostprocessing = 0;
		};
/* End PBXResourcesBuildPhase section */

/* Begin PBXShellScriptBuildPhase section */
		3CFAD94AFD1B053F598624F6 /* [CP] Embed Pods Frameworks */ = {
			isa = PBXShellScriptBuildPhase;
			buildActionMask = 2147483647;
			files = (
			);
			inputFileListPaths = (
				"${PODS_ROOT}/Target Support Files/Pods-ToDoApp/Pods-ToDoApp-frameworks-${CONFIGURATION}-input-files.xcfilelist",
			);
			name = "[CP] Embed Pods Frameworks";
			outputFileListPaths = (
				"${PODS_ROOT}/Target Support Files/Pods-ToDoApp/Pods-ToDoApp-frameworks-${CONFIGURATION}-output-files.xcfilelist",
			);
			runOnlyForDeploymentPostprocessing = 0;
			shellPath = /bin/sh;
			shellScript = "\"${PODS_ROOT}/Target Support Files/Pods-ToDoApp/Pods-ToDoApp-frameworks.sh\"\n";
			showEnvVarsInLog = 0;
		};
		C46EB1BFF298493425993AC6 /* [CP] Check Pods Manifest.lock */ = {
			isa = PBXShellScriptBuildPhase;
			buildActionMask = 2147483647;
			files = (
			);
			inputFileListPaths = (
			);
			inputPaths = (
				"${PODS_PODFILE_DIR_PATH}/Podfile.lock",
				"${PODS_ROOT}/Manifest.lock",
			);
			name = "[CP] Check Pods Manifest.lock";
			outputFileListPaths = (
			);
			outputPaths = (
				"$(DERIVED_FILE_DIR)/Pods-ToDoApp-checkManifestLockResult.txt",
			);
			runOnlyForDeploymentPostprocessing = 0;
			shellPath = /bin/sh;
			shellScript = "diff \"${PODS_PODFILE_DIR_PATH}/Podfile.lock\" \"${PODS_ROOT}/Manifest.lock\" > /dev/null\nif [ $? != 0 ] ; then\n    # print error to STDERR\n    echo \"error: The sandbox is not in sync with the Podfile.lock. Run 'pod install' or update your CocoaPods installation.\" >&2\n    exit 1\nfi\n# This output is used by Xcode 'outputs' to avoid re-running this script phase.\necho \"SUCCESS\" > \"${SCRIPT_OUTPUT_FILE_0}\"\n";
			showEnvVarsInLog = 0;
		};
/* End PBXShellScriptBuildPhase section */

/* Begin PBXSourcesBuildPhase section */
		2CEAA876291C543400DE88BA /* Sources */ = {
			isa = PBXSourcesBuildPhase;
			buildActionMask = 2147483647;
			files = (
				2CCB456F2941890A00FCFF98 /* Functions.swift in Sources */,
				2CEAA882291C543400DE88BA /* HomeViewController.swift in Sources */,
				2CCB45A02943637100FCFF98 /* Checklist+CoreDataClass.swift in Sources */,
				2CCB45A32943637100FCFF98 /* ChecklistItem+CoreDataProperties.swift in Sources */,
				2CCB45A72943A0FE00FCFF98 /* IconPickerViewController.swift in Sources */,
				2CCB45692941707400FCFF98 /* ChecklistViewController.swift in Sources */,
				2CEAA87E291C543400DE88BA /* AppDelegate.swift in Sources */,
				2CCB457D2942CABE00FCFF98 /* AddItemViewController.swift in Sources */,
				2CCB45A12943637100FCFF98 /* Checklist+CoreDataProperties.swift in Sources */,
				2CEAA880291C543400DE88BA /* SceneDelegate.swift in Sources */,
				2CCB4581294345EF00FCFF98 /* AllListsViewController.swift in Sources */,
				2CCB45672941546300FCFF98 /* String+AddText.swift in Sources */,
				2CCB45792941DA5700FCFF98 /* ChecklistItemCell.swift in Sources */,
				2CCB45A22943637100FCFF98 /* ChecklistItem+CoreDataClass.swift in Sources */,
				2CEAA888291C543400DE88BA /* ToDoApp.xcdatamodeld in Sources */,
				2C8C2C6F29407A3600782986 /* UIImageView+DownloadImage.swift in Sources */,
				2CCB45A52943676600FCFF98 /* ListDetailViewController.swift in Sources */,
				2CCB457F29430C2A00FCFF98 /* HudView.swift in Sources */,
				2CCB459B294360F100FCFF98 /* AllListsCell.swift in Sources */,
			);
			runOnlyForDeploymentPostprocessing = 0;
		};
/* End PBXSourcesBuildPhase section */

/* Begin PBXVariantGroup section */
		2CEAA883291C543400DE88BA /* Main.storyboard */ = {
			isa = PBXVariantGroup;
			children = (
				2CEAA884291C543400DE88BA /* Base */,
			);
			name = Main.storyboard;
			sourceTree = "<group>";
		};
		2CEAA88B291C543600DE88BA /* LaunchScreen.storyboard */ = {
			isa = PBXVariantGroup;
			children = (
				2CEAA88C291C543600DE88BA /* Base */,
			);
			name = LaunchScreen.storyboard;
			sourceTree = "<group>";
		};
/* End PBXVariantGroup section */

/* Begin XCBuildConfiguration section */
		2CEAA88F291C543600DE88BA /* Debug */ = {
			isa = XCBuildConfiguration;
			buildSettings = {
				ALWAYS_SEARCH_USER_PATHS = NO;
				CLANG_ANALYZER_NONNULL = YES;
				CLANG_ANALYZER_NUMBER_OBJECT_CONVERSION = YES_AGGRESSIVE;
				CLANG_CXX_LANGUAGE_STANDARD = "gnu++17";
				CLANG_CXX_LIBRARY = "libc++";
				CLANG_ENABLE_MODULES = YES;
				CLANG_ENABLE_OBJC_ARC = YES;
				CLANG_ENABLE_OBJC_WEAK = YES;
				CLANG_WARN_BLOCK_CAPTURE_AUTORELEASING = YES;
				CLANG_WARN_BOOL_CONVERSION = YES;
				CLANG_WARN_COMMA = YES;
				CLANG_WARN_CONSTANT_CONVERSION = YES;
				CLANG_WARN_DEPRECATED_OBJC_IMPLEMENTATIONS = YES;
				CLANG_WARN_DIRECT_OBJC_ISA_USAGE = YES_ERROR;
				CLANG_WARN_DOCUMENTATION_COMMENTS = YES;
				CLANG_WARN_EMPTY_BODY = YES;
				CLANG_WARN_ENUM_CONVERSION = YES;
				CLANG_WARN_INFINITE_RECURSION = YES;
				CLANG_WARN_INT_CONVERSION = YES;
				CLANG_WARN_NON_LITERAL_NULL_CONVERSION = YES;
				CLANG_WARN_OBJC_IMPLICIT_RETAIN_SELF = YES;
				CLANG_WARN_OBJC_LITERAL_CONVERSION = YES;
				CLANG_WARN_OBJC_ROOT_CLASS = YES_ERROR;
				CLANG_WARN_QUOTED_INCLUDE_IN_FRAMEWORK_HEADER = YES;
				CLANG_WARN_RANGE_LOOP_ANALYSIS = YES;
				CLANG_WARN_STRICT_PROTOTYPES = YES;
				CLANG_WARN_SUSPICIOUS_MOVE = YES;
				CLANG_WARN_UNGUARDED_AVAILABILITY = YES_AGGRESSIVE;
				CLANG_WARN_UNREACHABLE_CODE = YES;
				CLANG_WARN__DUPLICATE_METHOD_MATCH = YES;
				COPY_PHASE_STRIP = NO;
				DEBUG_INFORMATION_FORMAT = dwarf;
				ENABLE_STRICT_OBJC_MSGSEND = YES;
				ENABLE_TESTABILITY = YES;
				GCC_C_LANGUAGE_STANDARD = gnu11;
				GCC_DYNAMIC_NO_PIC = NO;
				GCC_NO_COMMON_BLOCKS = YES;
				GCC_OPTIMIZATION_LEVEL = 0;
				GCC_PREPROCESSOR_DEFINITIONS = (
					"DEBUG=1",
					"$(inherited)",
				);
				GCC_WARN_64_TO_32_BIT_CONVERSION = YES;
				GCC_WARN_ABOUT_RETURN_TYPE = YES_ERROR;
				GCC_WARN_UNDECLARED_SELECTOR = YES;
				GCC_WARN_UNINITIALIZED_AUTOS = YES_AGGRESSIVE;
				GCC_WARN_UNUSED_FUNCTION = YES;
				GCC_WARN_UNUSED_VARIABLE = YES;
				IPHONEOS_DEPLOYMENT_TARGET = 15.2;
				MTL_ENABLE_DEBUG_INFO = INCLUDE_SOURCE;
				MTL_FAST_MATH = YES;
				ONLY_ACTIVE_ARCH = YES;
				SDKROOT = iphoneos;
				SWIFT_ACTIVE_COMPILATION_CONDITIONS = DEBUG;
				SWIFT_OPTIMIZATION_LEVEL = "-Onone";
			};
			name = Debug;
		};
		2CEAA890291C543600DE88BA /* Release */ = {
			isa = XCBuildConfiguration;
			buildSettings = {
				ALWAYS_SEARCH_USER_PATHS = NO;
				CLANG_ANALYZER_NONNULL = YES;
				CLANG_ANALYZER_NUMBER_OBJECT_CONVERSION = YES_AGGRESSIVE;
				CLANG_CXX_LANGUAGE_STANDARD = "gnu++17";
				CLANG_CXX_LIBRARY = "libc++";
				CLANG_ENABLE_MODULES = YES;
				CLANG_ENABLE_OBJC_ARC = YES;
				CLANG_ENABLE_OBJC_WEAK = YES;
				CLANG_WARN_BLOCK_CAPTURE_AUTORELEASING = YES;
				CLANG_WARN_BOOL_CONVERSION = YES;
				CLANG_WARN_COMMA = YES;
				CLANG_WARN_CONSTANT_CONVERSION = YES;
				CLANG_WARN_DEPRECATED_OBJC_IMPLEMENTATIONS = YES;
				CLANG_WARN_DIRECT_OBJC_ISA_USAGE = YES_ERROR;
				CLANG_WARN_DOCUMENTATION_COMMENTS = YES;
				CLANG_WARN_EMPTY_BODY = YES;
				CLANG_WARN_ENUM_CONVERSION = YES;
				CLANG_WARN_INFINITE_RECURSION = YES;
				CLANG_WARN_INT_CONVERSION = YES;
				CLANG_WARN_NON_LITERAL_NULL_CONVERSION = YES;
				CLANG_WARN_OBJC_IMPLICIT_RETAIN_SELF = YES;
				CLANG_WARN_OBJC_LITERAL_CONVERSION = YES;
				CLANG_WARN_OBJC_ROOT_CLASS = YES_ERROR;
				CLANG_WARN_QUOTED_INCLUDE_IN_FRAMEWORK_HEADER = YES;
				CLANG_WARN_RANGE_LOOP_ANALYSIS = YES;
				CLANG_WARN_STRICT_PROTOTYPES = YES;
				CLANG_WARN_SUSPICIOUS_MOVE = YES;
				CLANG_WARN_UNGUARDED_AVAILABILITY = YES_AGGRESSIVE;
				CLANG_WARN_UNREACHABLE_CODE = YES;
				CLANG_WARN__DUPLICATE_METHOD_MATCH = YES;
				COPY_PHASE_STRIP = NO;
				DEBUG_INFORMATION_FORMAT = "dwarf-with-dsym";
				ENABLE_NS_ASSERTIONS = NO;
				ENABLE_STRICT_OBJC_MSGSEND = YES;
				GCC_C_LANGUAGE_STANDARD = gnu11;
				GCC_NO_COMMON_BLOCKS = YES;
				GCC_WARN_64_TO_32_BIT_CONVERSION = YES;
				GCC_WARN_ABOUT_RETURN_TYPE = YES_ERROR;
				GCC_WARN_UNDECLARED_SELECTOR = YES;
				GCC_WARN_UNINITIALIZED_AUTOS = YES_AGGRESSIVE;
				GCC_WARN_UNUSED_FUNCTION = YES;
				GCC_WARN_UNUSED_VARIABLE = YES;
				IPHONEOS_DEPLOYMENT_TARGET = 15.2;
				MTL_ENABLE_DEBUG_INFO = NO;
				MTL_FAST_MATH = YES;
				SDKROOT = iphoneos;
				SWIFT_COMPILATION_MODE = wholemodule;
				SWIFT_OPTIMIZATION_LEVEL = "-O";
				VALIDATE_PRODUCT = YES;
			};
			name = Release;
		};
		2CEAA892291C543600DE88BA /* Debug */ = {
			isa = XCBuildConfiguration;
			baseConfigurationReference = B1762E4D8DD6A616C3414D61 /* Pods-ToDoApp.debug.xcconfig */;
			buildSettings = {
				ASSETCATALOG_COMPILER_APPICON_NAME = AppIcon;
				ASSETCATALOG_COMPILER_GLOBAL_ACCENT_COLOR_NAME = AccentColor;
				CODE_SIGN_STYLE = Automatic;
				CURRENT_PROJECT_VERSION = 1;
				DEVELOPMENT_TEAM = H5KJ77LW2D;
				GENERATE_INFOPLIST_FILE = YES;
				INFOPLIST_FILE = ToDoApp/Info.plist;
				INFOPLIST_KEY_CFBundleDisplayName = "To Do";
				INFOPLIST_KEY_NSLocationWhenInUseUsageDescription = "This app lets you keep track of interesting places. It needs access to the GPS\ncoordinates for your location.";
				INFOPLIST_KEY_UIApplicationSupportsIndirectInputEvents = YES;
				INFOPLIST_KEY_UILaunchStoryboardName = LaunchScreen;
				INFOPLIST_KEY_UIMainStoryboardFile = Main;
				INFOPLIST_KEY_UIRequiredDeviceCapabilities = "location-services";
				INFOPLIST_KEY_UISupportedInterfaceOrientations = UIInterfaceOrientationPortrait;
				INFOPLIST_KEY_UISupportedInterfaceOrientations_iPad = "UIInterfaceOrientationPortrait UIInterfaceOrientationPortraitUpsideDown UIInterfaceOrientationLandscapeLeft UIInterfaceOrientationLandscapeRight";
				INFOPLIST_KEY_UISupportedInterfaceOrientations_iPhone = "UIInterfaceOrientationPortrait UIInterfaceOrientationLandscapeLeft UIInterfaceOrientationLandscapeRight";
				LD_RUNPATH_SEARCH_PATHS = (
					"$(inherited)",
					"@executable_path/Frameworks",
				);
				MARKETING_VERSION = 1.0;
				PRODUCT_BUNDLE_IDENTIFIER = com.sarikaislam.ToDoApp;
				PRODUCT_NAME = "$(TARGET_NAME)";
				SWIFT_EMIT_LOC_STRINGS = YES;
				SWIFT_VERSION = 5.0;
				TARGETED_DEVICE_FAMILY = "1,2";
			};
			name = Debug;
		};
		2CEAA893291C543600DE88BA /* Release */ = {
			isa = XCBuildConfiguration;
			baseConfigurationReference = 0CC829DA5882E9B2ACDF11D5 /* Pods-ToDoApp.release.xcconfig */;
			buildSettings = {
				ASSETCATALOG_COMPILER_APPICON_NAME = AppIcon;
				ASSETCATALOG_COMPILER_GLOBAL_ACCENT_COLOR_NAME = AccentColor;
				CODE_SIGN_STYLE = Automatic;
				CURRENT_PROJECT_VERSION = 1;
				DEVELOPMENT_TEAM = H5KJ77LW2D;
				GENERATE_INFOPLIST_FILE = YES;
				INFOPLIST_FILE = ToDoApp/Info.plist;
				INFOPLIST_KEY_CFBundleDisplayName = "To Do";
				INFOPLIST_KEY_NSLocationWhenInUseUsageDescription = "This app lets you keep track of interesting places. It needs access to the GPS\ncoordinates for your location.";
				INFOPLIST_KEY_UIApplicationSupportsIndirectInputEvents = YES;
				INFOPLIST_KEY_UILaunchStoryboardName = LaunchScreen;
				INFOPLIST_KEY_UIMainStoryboardFile = Main;
				INFOPLIST_KEY_UIRequiredDeviceCapabilities = "location-services";
				INFOPLIST_KEY_UISupportedInterfaceOrientations = UIInterfaceOrientationPortrait;
				INFOPLIST_KEY_UISupportedInterfaceOrientations_iPad = "UIInterfaceOrientationPortrait UIInterfaceOrientationPortraitUpsideDown UIInterfaceOrientationLandscapeLeft UIInterfaceOrientationLandscapeRight";
				INFOPLIST_KEY_UISupportedInterfaceOrientations_iPhone = "UIInterfaceOrientationPortrait UIInterfaceOrientationLandscapeLeft UIInterfaceOrientationLandscapeRight";
				LD_RUNPATH_SEARCH_PATHS = (
					"$(inherited)",
					"@executable_path/Frameworks",
				);
				MARKETING_VERSION = 1.0;
				PRODUCT_BUNDLE_IDENTIFIER = com.sarikaislam.ToDoApp;
				PRODUCT_NAME = "$(TARGET_NAME)";
				SWIFT_EMIT_LOC_STRINGS = YES;
				SWIFT_VERSION = 5.0;
				TARGETED_DEVICE_FAMILY = "1,2";
			};
			name = Release;
		};
/* End XCBuildConfiguration section */

/* Begin XCConfigurationList section */
		2CEAA875291C543400DE88BA /* Build configuration list for PBXProject "ToDoApp" */ = {
			isa = XCConfigurationList;
			buildConfigurations = (
				2CEAA88F291C543600DE88BA /* Debug */,
				2CEAA890291C543600DE88BA /* Release */,
			);
			defaultConfigurationIsVisible = 0;
			defaultConfigurationName = Release;
		};
		2CEAA891291C543600DE88BA /* Build configuration list for PBXNativeTarget "ToDoApp" */ = {
			isa = XCConfigurationList;
			buildConfigurations = (
				2CEAA892291C543600DE88BA /* Debug */,
				2CEAA893291C543600DE88BA /* Release */,
			);
			defaultConfigurationIsVisible = 0;
			defaultConfigurationName = Release;
		};
/* End XCConfigurationList section */

/* Begin XCVersionGroup section */
		2CEAA886291C543400DE88BA /* ToDoApp.xcdatamodeld */ = {
			isa = XCVersionGroup;
			children = (
				2CEAA887291C543400DE88BA /* ToDoApp.xcdatamodel */,
			);
			currentVersion = 2CEAA887291C543400DE88BA /* ToDoApp.xcdatamodel */;
			path = ToDoApp.xcdatamodeld;
			sourceTree = "<group>";
			versionGroupType = wrapper.xcdatamodel;
		};
/* End XCVersionGroup section */
	};
	rootObject = 2CEAA872291C543400DE88BA /* Project object */;
}
